
Microsoft Visual Studio Solution File, Format Version 12.00
# Visual Studio Version 17
VisualStudioVersion = 17.7.34202.233
MinimumVisualStudioVersion = 10.0.40219.1
Project("{2150E333-8FDC-42A3-9474-1A3956D46DE8}") = "src", "src", "{458D94D5-219D-4CAA-ACBF-C0A2897693D3}"
EndProject
Project("{2150E333-8FDC-42A3-9474-1A3956D46DE8}") = "Solution Items", "Solution Items", "{2CA13BB7-6ED9-44B7-8B3D-8680FE21DD05}"
	ProjectSection(SolutionItems) = preProject
		ServiceUrls.txt = ServiceUrls.txt
	EndProjectSection
EndProject
Project("{2150E333-8FDC-42A3-9474-1A3956D46DE8}") = "ApiGateways", "ApiGateways", "{C685337D-2FB3-4AF8-9650-8B712CE24F2F}"
EndProject
Project("{2150E333-8FDC-42A3-9474-1A3956D46DE8}") = "BuildingBlocks", "BuildingBlocks", "{B2D762A9-DD70-40AD-9008-62EFB2C41B14}"
EndProject
Project("{2150E333-8FDC-42A3-9474-1A3956D46DE8}") = "Clients", "Clients", "{2363BF49-CDF4-4BBA-9910-F78FEF75E16B}"
EndProject
Project("{2150E333-8FDC-42A3-9474-1A3956D46DE8}") = "Services", "Services", "{62C7D6C8-F707-4453-BEC6-43DB0D2A0CF1}"
EndProject
Project("{9A19103F-16F7-4668-BE54-9A1E7A4F7556}") = "Web.ApiGateway", "src\ApiGateways\Web.ApiGateway\Web.ApiGateway.csproj", "{97F1E674-1B3E-4CA5-8741-30E2D943F211}"
EndProject
Project("{2150E333-8FDC-42A3-9474-1A3956D46DE8}") = "EventBus", "EventBus", "{93E1C899-D55E-4712-BDAF-0115949C4D64}"
EndProject
Project("{9A19103F-16F7-4668-BE54-9A1E7A4F7556}") = "EventBus.AzureServiceBus", "src\BuildingBlocks\EventBus\EventBus.AzureServiceBus\EventBus.AzureServiceBus.csproj", "{6289A7DE-EAA3-4204-910E-A3F70029EFC1}"
EndProject
Project("{9A19103F-16F7-4668-BE54-9A1E7A4F7556}") = "EventBus.Base", "src\BuildingBlocks\EventBus\EventBus.Base\EventBus.Base.csproj", "{FBF43C85-ABFE-4AA1-9B3E-926BDA0CDC6D}"
EndProject
Project("{9A19103F-16F7-4668-BE54-9A1E7A4F7556}") = "EventBus.Factory", "src\BuildingBlocks\EventBus\EventBus.Factory\EventBus.Factory.csproj", "{48EAF867-A2C1-482E-899A-087542FD071E}"
EndProject
Project("{2150E333-8FDC-42A3-9474-1A3956D46DE8}") = "BlazorWebApp", "BlazorWebApp", "{15DE0151-E531-4ECD-8331-882AB10E5450}"
EndProject
Project("{9A19103F-16F7-4668-BE54-9A1E7A4F7556}") = "EventBus.RabbitMQ", "src\BuildingBlocks\EventBus\EventBus.RabbitMQ\EventBus.RabbitMQ.csproj", "{0B59781B-B173-4C80-A77B-83F1060309BA}"
EndProject
Project("{9A19103F-16F7-4668-BE54-9A1E7A4F7556}") = "WebApp", "src\Clients\BlazorWebApp\WebApp\WebApp.csproj", "{1668EA72-2EBC-4A18-B035-B9F7E58C35E2}"
EndProject
Project("{2150E333-8FDC-42A3-9474-1A3956D46DE8}") = "BasketService", "BasketService", "{258209BB-C6BD-4F6A-AC43-CF053BCF5837}"
EndProject
Project("{2150E333-8FDC-42A3-9474-1A3956D46DE8}") = "CatalogService", "CatalogService", "{412E9E8A-D391-44C5-B976-7D2D40F793F9}"
EndProject
Project("{2150E333-8FDC-42A3-9474-1A3956D46DE8}") = "IdentityService", "IdentityService", "{C16D4CE4-A533-4ADD-B7F6-F8C2B8C4C3C8}"
EndProject
Project("{2150E333-8FDC-42A3-9474-1A3956D46DE8}") = "NotificationService", "NotificationService", "{4A87DF78-9B37-42B0-B540-002AAE4376D8}"
EndProject
Project("{2150E333-8FDC-42A3-9474-1A3956D46DE8}") = "OrderService", "OrderService", "{1BA277AD-D211-4EC7-9466-2D46DF835CC4}"
EndProject
Project("{2150E333-8FDC-42A3-9474-1A3956D46DE8}") = "PaymentService", "PaymentService", "{5DB9DACD-4E66-4B6B-B6E2-C158245E4FE1}"
EndProject
Project("{9A19103F-16F7-4668-BE54-9A1E7A4F7556}") = "BasketService.Api", "src\Services\BasketService\BasketService.Api\BasketService.Api.csproj", "{B2B1405C-63C3-4CE8-86C7-C80E9518A9F0}"
EndProject
Project("{9A19103F-16F7-4668-BE54-9A1E7A4F7556}") = "CatalogService.Api", "src\Services\CatalogService\CatalogService.Api\CatalogService.Api.csproj", "{8E14A53E-9A2B-4CE1-BCCB-7791C887E906}"
EndProject
Project("{9A19103F-16F7-4668-BE54-9A1E7A4F7556}") = "IdentityService.Api", "src\Services\IdentityService\IdentityService.Api\IdentityService.Api.csproj", "{0F228F3D-11CC-4595-BE0C-5D71EEDB5280}"
EndProject
Project("{9A19103F-16F7-4668-BE54-9A1E7A4F7556}") = "NotificationService.Api", "src\Services\NotificationService\NotificationService.Api\NotificationService.Api.csproj", "{7644EDB7-8D7F-4849-98AA-05EECA45EBA6}"
EndProject
Project("{9A19103F-16F7-4668-BE54-9A1E7A4F7556}") = "OrderService.Api", "src\Services\OrderService\OrderService.Api\OrderService.Api.csproj", "{F7185E87-05EB-49A3-9961-760BDEA12E24}"
EndProject
Project("{9A19103F-16F7-4668-BE54-9A1E7A4F7556}") = "PaymentService.Api", "src\Services\PaymentService\PaymentService.Api\PaymentService.Api.csproj", "{98C2BDFE-940D-4B82-8B46-6F14050F42DD}"
EndProject
Global
	GlobalSection(SolutionConfigurationPlatforms) = preSolution
		Debug|Any CPU = Debug|Any CPU
		Release|Any CPU = Release|Any CPU
	EndGlobalSection
	GlobalSection(ProjectConfigurationPlatforms) = postSolution
		{97F1E674-1B3E-4CA5-8741-30E2D943F211}.Debug|Any CPU.ActiveCfg = Debug|Any CPU
		{97F1E674-1B3E-4CA5-8741-30E2D943F211}.Debug|Any CPU.Build.0 = Debug|Any CPU
		{97F1E674-1B3E-4CA5-8741-30E2D943F211}.Release|Any CPU.ActiveCfg = Release|Any CPU
		{97F1E674-1B3E-4CA5-8741-30E2D943F211}.Release|Any CPU.Build.0 = Release|Any CPU
		{6289A7DE-EAA3-4204-910E-A3F70029EFC1}.Debug|Any CPU.ActiveCfg = Debug|Any CPU
		{6289A7DE-EAA3-4204-910E-A3F70029EFC1}.Debug|Any CPU.Build.0 = Debug|Any CPU
		{6289A7DE-EAA3-4204-910E-A3F70029EFC1}.Release|Any CPU.ActiveCfg = Release|Any CPU
		{6289A7DE-EAA3-4204-910E-A3F70029EFC1}.Release|Any CPU.Build.0 = Release|Any CPU
		{FBF43C85-ABFE-4AA1-9B3E-926BDA0CDC6D}.Debug|Any CPU.ActiveCfg = Debug|Any CPU
		{FBF43C85-ABFE-4AA1-9B3E-926BDA0CDC6D}.Debug|Any CPU.Build.0 = Debug|Any CPU
		{FBF43C85-ABFE-4AA1-9B3E-926BDA0CDC6D}.Release|Any CPU.ActiveCfg = Release|Any CPU
		{FBF43C85-ABFE-4AA1-9B3E-926BDA0CDC6D}.Release|Any CPU.Build.0 = Release|Any CPU
		{48EAF867-A2C1-482E-899A-087542FD071E}.Debug|Any CPU.ActiveCfg = Debug|Any CPU
		{48EAF867-A2C1-482E-899A-087542FD071E}.Debug|Any CPU.Build.0 = Debug|Any CPU
		{48EAF867-A2C1-482E-899A-087542FD071E}.Release|Any CPU.ActiveCfg = Release|Any CPU
		{48EAF867-A2C1-482E-899A-087542FD071E}.Release|Any CPU.Build.0 = Release|Any CPU
		{0B59781B-B173-4C80-A77B-83F1060309BA}.Debug|Any CPU.ActiveCfg = Debug|Any CPU
		{0B59781B-B173-4C80-A77B-83F1060309BA}.Debug|Any CPU.Build.0 = Debug|Any CPU
		{0B59781B-B173-4C80-A77B-83F1060309BA}.Release|Any CPU.ActiveCfg = Release|Any CPU
		{0B59781B-B173-4C80-A77B-83F1060309BA}.Release|Any CPU.Build.0 = Release|Any CPU
		{1668EA72-2EBC-4A18-B035-B9F7E58C35E2}.Debug|Any CPU.ActiveCfg = Debug|Any CPU
		{1668EA72-2EBC-4A18-B035-B9F7E58C35E2}.Debug|Any CPU.Build.0 = Debug|Any CPU
		{1668EA72-2EBC-4A18-B035-B9F7E58C35E2}.Release|Any CPU.ActiveCfg = Release|Any CPU
		{1668EA72-2EBC-4A18-B035-B9F7E58C35E2}.Release|Any CPU.Build.0 = Release|Any CPU
		{B2B1405C-63C3-4CE8-86C7-C80E9518A9F0}.Debug|Any CPU.ActiveCfg = Debug|Any CPU
		{B2B1405C-63C3-4CE8-86C7-C80E9518A9F0}.Debug|Any CPU.Build.0 = Debug|Any CPU
		{B2B1405C-63C3-4CE8-86C7-C80E9518A9F0}.Release|Any CPU.ActiveCfg = Release|Any CPU
		{B2B1405C-63C3-4CE8-86C7-C80E9518A9F0}.Release|Any CPU.Build.0 = Release|Any CPU
		{8E14A53E-9A2B-4CE1-BCCB-7791C887E906}.Debug|Any CPU.ActiveCfg = Debug|Any CPU
		{8E14A53E-9A2B-4CE1-BCCB-7791C887E906}.Debug|Any CPU.Build.0 = Debug|Any CPU
		{8E14A53E-9A2B-4CE1-BCCB-7791C887E906}.Release|Any CPU.ActiveCfg = Release|Any CPU
		{8E14A53E-9A2B-4CE1-BCCB-7791C887E906}.Release|Any CPU.Build.0 = Release|Any CPU
		{0F228F3D-11CC-4595-BE0C-5D71EEDB5280}.Debug|Any CPU.ActiveCfg = Debug|Any CPU
		{0F228F3D-11CC-4595-BE0C-5D71EEDB5280}.Debug|Any CPU.Build.0 = Debug|Any CPU
		{0F228F3D-11CC-4595-BE0C-5D71EEDB5280}.Release|Any CPU.ActiveCfg = Release|Any CPU
		{0F228F3D-11CC-4595-BE0C-5D71EEDB5280}.Release|Any CPU.Build.0 = Release|Any CPU
		{7644EDB7-8D7F-4849-98AA-05EECA45EBA6}.Debug|Any CPU.ActiveCfg = Debug|Any CPU
		{7644EDB7-8D7F-4849-98AA-05EECA45EBA6}.Debug|Any CPU.Build.0 = Debug|Any CPU
		{7644EDB7-8D7F-4849-98AA-05EECA45EBA6}.Release|Any CPU.ActiveCfg = Release|Any CPU
		{7644EDB7-8D7F-4849-98AA-05EECA45EBA6}.Release|Any CPU.Build.0 = Release|Any CPU
		{F7185E87-05EB-49A3-9961-760BDEA12E24}.Debug|Any CPU.ActiveCfg = Debug|Any CPU
		{F7185E87-05EB-49A3-9961-760BDEA12E24}.Debug|Any CPU.Build.0 = Debug|Any CPU
		{F7185E87-05EB-49A3-9961-760BDEA12E24}.Release|Any CPU.ActiveCfg = Release|Any CPU
		{F7185E87-05EB-49A3-9961-760BDEA12E24}.Release|Any CPU.Build.0 = Release|Any CPU
		{98C2BDFE-940D-4B82-8B46-6F14050F42DD}.Debug|Any CPU.ActiveCfg = Debug|Any CPU
		{98C2BDFE-940D-4B82-8B46-6F14050F42DD}.Debug|Any CPU.Build.0 = Debug|Any CPU
		{98C2BDFE-940D-4B82-8B46-6F14050F42DD}.Release|Any CPU.ActiveCfg = Release|Any CPU
		{98C2BDFE-940D-4B82-8B46-6F14050F42DD}.Release|Any CPU.Build.0 = Release|Any CPU
	EndGlobalSection
	GlobalSection(SolutionProperties) = preSolution
		HideSolutionNode = FALSE
	EndGlobalSection
	GlobalSection(NestedProjects) = preSolution
		{C685337D-2FB3-4AF8-9650-8B712CE24F2F} = {458D94D5-219D-4CAA-ACBF-C0A2897693D3}
		{B2D762A9-DD70-40AD-9008-62EFB2C41B14} = {458D94D5-219D-4CAA-ACBF-C0A2897693D3}
		{2363BF49-CDF4-4BBA-9910-F78FEF75E16B} = {458D94D5-219D-4CAA-ACBF-C0A2897693D3}
		{62C7D6C8-F707-4453-BEC6-43DB0D2A0CF1} = {458D94D5-219D-4CAA-ACBF-C0A2897693D3}
		{97F1E674-1B3E-4CA5-8741-30E2D943F211} = {C685337D-2FB3-4AF8-9650-8B712CE24F2F}
		{93E1C899-D55E-4712-BDAF-0115949C4D64} = {B2D762A9-DD70-40AD-9008-62EFB2C41B14}
		{6289A7DE-EAA3-4204-910E-A3F70029EFC1} = {93E1C899-D55E-4712-BDAF-0115949C4D64}
		{FBF43C85-ABFE-4AA1-9B3E-926BDA0CDC6D} = {93E1C899-D55E-4712-BDAF-0115949C4D64}
		{48EAF867-A2C1-482E-899A-087542FD071E} = {93E1C899-D55E-4712-BDAF-0115949C4D64}
		{15DE0151-E531-4ECD-8331-882AB10E5450} = {2363BF49-CDF4-4BBA-9910-F78FEF75E16B}
		{0B59781B-B173-4C80-A77B-83F1060309BA} = {93E1C899-D55E-4712-BDAF-0115949C4D64}
		{1668EA72-2EBC-4A18-B035-B9F7E58C35E2} = {15DE0151-E531-4ECD-8331-882AB10E5450}
		{258209BB-C6BD-4F6A-AC43-CF053BCF5837} = {62C7D6C8-F707-4453-BEC6-43DB0D2A0CF1}
		{412E9E8A-D391-44C5-B976-7D2D40F793F9} = {62C7D6C8-F707-4453-BEC6-43DB0D2A0CF1}
		{C16D4CE4-A533-4ADD-B7F6-F8C2B8C4C3C8} = {62C7D6C8-F707-4453-BEC6-43DB0D2A0CF1}
		{4A87DF78-9B37-42B0-B540-002AAE4376D8} = {62C7D6C8-F707-4453-BEC6-43DB0D2A0CF1}
		{1BA277AD-D211-4EC7-9466-2D46DF835CC4} = {62C7D6C8-F707-4453-BEC6-43DB0D2A0CF1}
		{5DB9DACD-4E66-4B6B-B6E2-C158245E4FE1} = {62C7D6C8-F707-4453-BEC6-43DB0D2A0CF1}
		{B2B1405C-63C3-4CE8-86C7-C80E9518A9F0} = {258209BB-C6BD-4F6A-AC43-CF053BCF5837}
		{8E14A53E-9A2B-4CE1-BCCB-7791C887E906} = {412E9E8A-D391-44C5-B976-7D2D40F793F9}
		{0F228F3D-11CC-4595-BE0C-5D71EEDB5280} = {C16D4CE4-A533-4ADD-B7F6-F8C2B8C4C3C8}
		{7644EDB7-8D7F-4849-98AA-05EECA45EBA6} = {4A87DF78-9B37-42B0-B540-002AAE4376D8}
		{F7185E87-05EB-49A3-9961-760BDEA12E24} = {1BA277AD-D211-4EC7-9466-2D46DF835CC4}
		{98C2BDFE-940D-4B82-8B46-6F14050F42DD} = {5DB9DACD-4E66-4B6B-B6E2-C158245E4FE1}
	EndGlobalSection
	GlobalSection(ExtensibilityGlobals) = postSolution
		SolutionGuid = {9D116ED3-0B42-4666-B65C-A4CCECFC17E8}
	EndGlobalSection
EndGlobal
